// !$*UTF8*$!
{
	archiveVersion = 1;
	classes = {
	};
	objectVersion = 46;
	objects = {

/* Begin PBXBuildFile section */
		7DE699F51B7177ED0018FB61 /* AppDelegate.swift in Sources */ = {isa = PBXBuildFile; fileRef = 7DE699F41B7177ED0018FB61 /* AppDelegate.swift */; };
		7DE699F71B7177ED0018FB61 /* ViewController.swift in Sources */ = {isa = PBXBuildFile; fileRef = 7DE699F61B7177ED0018FB61 /* ViewController.swift */; };
		7DE699FA1B7177ED0018FB61 /* Main.storyboard in Resources */ = {isa = PBXBuildFile; fileRef = 7DE699F81B7177ED0018FB61 /* Main.storyboard */; };
		7DE699FC1B7177ED0018FB61 /* Assets.xcassets in Resources */ = {isa = PBXBuildFile; fileRef = 7DE699FB1B7177ED0018FB61 /* Assets.xcassets */; };
		7DE699FF1B7177ED0018FB61 /* LaunchScreen.storyboard in Resources */ = {isa = PBXBuildFile; fileRef = 7DE699FD1B7177ED0018FB61 /* LaunchScreen.storyboard */; };
/* End PBXBuildFile section */

/* Begin PBXFileReference section */
		7DE699F11B7177ED0018FB61 /* Where am I.app */ = {isa = PBXFileReference; explicitFileType = wrapper.application; includeInIndex = 0; path = "Where am I.app"; sourceTree = BUILT_PRODUCTS_DIR; };
		7DE699F41B7177ED0018FB61 /* AppDelegate.swift */ = {isa = PBXFileReference; lastKnownFileType = sourcecode.swift; path = AppDelegate.swift; sourceTree = "<group>"; };
		7DE699F61B7177ED0018FB61 /* ViewController.swift */ = {isa = PBXFileReference; lastKnownFileType = sourcecode.swift; path = ViewController.swift; sourceTree = "<group>"; };
		7DE699F91B7177ED0018FB61 /* Base */ = {isa = PBXFileReference; lastKnownFileType = file.storyboard; name = Base; path = Base.lproj/Main.storyboard; sourceTree = "<group>"; };
		7DE699FB1B7177ED0018FB61 /* Assets.xcassets */ = {isa = PBXFileReference; lastKnownFileType = folder.assetcatalog; path = Assets.xcassets; sourceTree = "<group>"; };
		7DE699FE1B7177ED0018FB61 /* Base */ = {isa = PBXFileReference; lastKnownFileType = file.storyboard; name = Base; path = Base.lproj/LaunchScreen.storyboard; sourceTree = "<group>"; };
		7DE69A001B7177ED0018FB61 /* Info.plist */ = {isa = PBXFileReference; lastKnownFileType = text.plist.xml; path = Info.plist; sourceTree = "<group>"; };
/* End PBXFileReference section */

/* Begin PBXFrameworksBuildPhase section */
		7DE699EE1B7177ED0018FB61 /* Frameworks */ = {
			isa = PBXFrameworksBuildPhase;
			buildActionMask = 2147483647;
			files = (
			);
			runOnlyForDeploymentPostprocessing = 0;
		};
/* End PBXFrameworksBuildPhase section */

/* Begin PBXGroup section */
		7DE699E81B7177ED0018FB61 = {
			isa = PBXGroup;
			children = (
				7DE699F31B7177ED0018FB61 /* Where am I */,
				7DE699F21B7177ED0018FB61 /* Products */,
			);
			sourceTree = "<group>";
		};
		7DE699F21B7177ED0018FB61 /* Products */ = {
			isa = PBXGroup;
			children = (
				7DE699F11B7177ED0018FB61 /* Where am I.app */,
			);
			name = Products;
			sourceTree = "<group>";
		};
		7DE699F31B7177ED0018FB61 /* Where am I */ = {
			isa = PBXGroup;
			children = (
				7DE699F41B7177ED0018FB61 /* AppDelegate.swift */,
				7DE699F61B7177ED0018FB61 /* ViewController.swift */,
				7DE699F81B7177ED0018FB61 /* Main.storyboard */,
				7DE699FB1B7177ED0018FB61 /* Assets.xcassets */,
				7DE699FD1B7177ED0018FB61 /* LaunchScreen.storyboard */,
				7DE69A001B7177ED0018FB61 /* Info.plist */,
			);
			path = "Where am I";
			sourceTree = "<group>";
		};
/* End PBXGroup section */

/* Begin PBXNativeTarget section */
		7DE699F01B7177ED0018FB61 /* Where am I */ = {
			isa = PBXNativeTarget;
			buildConfigurationList = 7DE69A031B7177ED0018FB61 /* Build configuration list for PBXNativeTarget "Where am I" */;
			buildPhases = (
				7DE699ED1B7177ED0018FB61 /* Sources */,
				7DE699EE1B7177ED0018FB61 /* Frameworks */,
				7DE699EF1B7177ED0018FB61 /* Resources */,
			);
			buildRules = (
			);
			dependencies = (
			);
			name = "Where am I";
			productName = "Where am I";
			productReference = 7DE699F11B7177ED0018FB61 /* Where am I.app */;
			productType = "com.apple.product-type.application";
		};
/* End PBXNativeTarget section */

/* Begin PBXProject section */
		7DE699E91B7177ED0018FB61 /* Project object */ = {
			isa = PBXProject;
			attributes = {
				LastUpgradeCheck = 0700;
				ORGANIZATIONNAME = "Bojie Jiang";
				TargetAttributes = {
					7DE699F01B7177ED0018FB61 = {
						CreatedOnToolsVersion = 7.0;
					};
				};
			};
			buildConfigurationList = 7DE699EC1B7177ED0018FB61 /* Build configuration list for PBXProject "Where am I" */;
			compatibilityVersion = "Xcode 3.2";
			developmentRegion = English;
			hasScannedForEncodings = 0;
			knownRegions = (
				en,
				Base,
			);
			mainGroup = 7DE699E81B7177ED0018FB61;
			productRefGroup = 7DE699F21B7177ED0018FB61 /* Products */;
			projectDirPath = "";
			projectRoot = "";
			targets = (
				7DE699F01B7177ED0018FB61 /* Where am I */,
			);
		};
/* End PBXProject section */

/* Begin PBXResourcesBuildPhase section */
		7DE699EF1B7177ED0018FB61 /* Resources */ = {
			isa = PBXResourcesBuildPhase;
			buildActionMask = 2147483647;
			files = (
				7DE699FF1B7177ED0018FB61 /* LaunchScreen.storyboard in Resources */,
				7DE699FC1B7177ED0018FB61 /* Assets.xcassets in Resources */,
				7DE699FA1B7177ED0018FB61 /* Main.storyboard in Resources */,
			);
			runOnlyForDeploymentPostprocessing = 0;
		};
/* End PBXResourcesBuildPhase section */

/* Begin PBXSourcesBuildPhase section */
		7DE699ED1B7177ED0018FB61 /* Sources */ = {
			isa = PBXSourcesBuildPhase;
			buildActionMask = 2147483647;
			files = (
				7DE699F71B7177ED0018FB61 /* ViewController.swift in Sources */,
				7DE699F51B7177ED0018FB61 /* AppDelegate.swift in Sources */,
			);
			runOnlyForDeploymentPostprocessing = 0;
		};
/* End PBXSourcesBuildPhase section */

/* Begin PBXVariantGroup section */
		7DE699F81B7177ED0018FB61 /* Main.storyboard */ = {
			isa = PBXVariantGroup;
			children = (
				7DE699F91B7177ED0018FB61 /* Base */,
			);
			name = Main.storyboard;
			sourceTree = "<group>";
		};
		7DE699FD1B7177ED0018FB61 /* LaunchScreen.storyboard */ = {
			isa = PBXVariantGroup;
			children = (
				7DE699FE1B7177ED0018FB61 /* Base */,
			);
			name = LaunchScreen.storyboard;
			sourceTree = "<group>";
		};
/* End PBXVariantGroup section */

/* Begin XCBuildConfiguration section */
		7DE69A011B7177ED0018FB61 /* Debug */ = {
			isa = XCBuildConfiguration;
			buildSettings = {
				ALWAYS_SEARCH_USER_PATHS = NO;
				CLANG_CXX_LANGUAGE_STANDARD = "gnu++0x";
				CLANG_CXX_LIBRARY = "libc++";
				CLANG_ENABLE_MODULES = YES;
				CLANG_ENABLE_OBJC_ARC = YES;
				CLANG_WARN_BOOL_CONVERSION = YES;
				CLANG_WARN_CONSTANT_CONVERSION = YES;
				CLANG_WARN_DIRECT_OBJC_ISA_USAGE = YES_ERROR;
				CLANG_WARN_EMPTY_BODY = YES;
				CLANG_WARN_ENUM_CONVERSION = YES;
				CLANG_WARN_INT_CONVERSION = YES;
				CLANG_WARN_OBJC_ROOT_CLASS = YES_ERROR;
				CLANG_WARN_UNREACHABLE_CODE = YES;
				CLANG_WARN__DUPLICATE_METHOD_MATCH = YES;
				"CODE_SIGN_IDENTITY[sdk=iphoneos*]" = "iPhone Developer";
				COPY_PHASE_STRIP = NO;
				DEBUG_INFORMATION_FORMAT = dwarf;
				ENABLE_STRICT_OBJC_MSGSEND = YES;
				ENABLE_TESTABILITY = YES;
				GCC_C_LANGUAGE_STANDARD = gnu99;
				GCC_DYNAMIC_NO_PIC = NO;
				GCC_NO_COMMON_BLOCKS = YES;
				GCC_OPTIMIZATION_LEVEL = 0;
				GCC_PREPROCESSOR_DEFINITIONS = (
					"DEBUG=1",
					"$(inherited)",
				);
				GCC_WARN_64_TO_32_BIT_CONVERSION = YES;
				GCC_WARN_ABOUT_RETURN_TYPE = YES_ERROR;
				GCC_WARN_UNDECLARED_SELECTOR = YES;
				GCC_WARN_UNINITIALIZED_AUTOS = YES_AGGRESSIVE;
				GCC_WARN_UNUSED_FUNCTION = YES;
				GCC_WARN_UNUSED_VARIABLE = YES;
				IPHONEOS_DEPLOYMENT_TARGET = 9.0;
				MTL_ENABLE_DEBUG_INFO = YES;
				ONLY_ACTIVE_ARCH = YES;
				SDKROOT = iphoneos;
				SWIFT_OPTIMIZATION_LEVEL = "-Onone";
			};
			name = Debug;
		};
		7DE69A021B7177ED0018FB61 /* Release */ = {
			isa = XCBuildConfiguration;
			buildSettings = {
				ALWAYS_SEARCH_USER_PATHS = NO;
				CLANG_CXX_LANGUAGE_STANDARD = "gnu++0x";
				CLANG_CXX_LIBRARY = "libc++";
				CLANG_ENABLE_MODULES = YES;
				CLANG_ENABLE_OBJC_ARC = YES;
				CLANG_WARN_BOOL_CONVERSION = YES;
				CLANG_WARN_CONSTANT_CONVERSION = YES;
				CLANG_WARN_DIRECT_OBJC_ISA_USAGE = YES_ERROR;
				CLANG_WARN_EMPTY_BODY = YES;
				CLANG_WARN_ENUM_CONVERSION = YES;
				CLANG_WARN_INT_CONVERSION = YES;
				CLANG_WARN_OBJC_ROOT_CLASS = YES_ERROR;
				CLANG_WARN_UNREACHABLE_CODE = YES;
				CLANG_WARN__DUPLICATE_METHOD_MATCH = YES;
				"CODE_SIGN_IDENTITY[sdk=iphoneos*]" = "iPhone Developer";
				COPY_PHASE_STRIP = NO;
				DEBUG_INFORMATION_FORMAT = "dwarf-with-dsym";
				ENABLE_NS_ASSERTIONS = NO;
				ENABLE_STRICT_OBJC_MSGSEND = YES;
				GCC_C_LANGUAGE_STANDARD = gnu99;
				GCC_NO_COMMON_BLOCKS = YES;
				GCC_WARN_64_TO_32_BIT_CONVERSION = YES;
				GCC_WARN_ABOUT_RETURN_TYPE = YES_ERROR;
				GCC_WARN_UNDECLARED_SELECTOR = YES;
				GCC_WARN_UNINITIALIZED_AUTOS = YES_AGGRESSIVE;
				GCC_WARN_UNUSED_FUNCTION = YES;
				GCC_WARN_UNUSED_VARIABLE = YES;
				IPHONEOS_DEPLOYMENT_TARGET = 9.0;
				MTL_ENABLE_DEBUG_INFO = NO;
				SDKROOT = iphoneos;
				VALIDATE_PRODUCT = YES;
			};
			name = Release;
		};
		7DE69A041B7177ED0018FB61 /* Debug */ = {
			isa = XCBuildConfiguration;
			buildSettings = {
				ASSETCATALOG_COMPILER_APPICON_NAME = AppIcon;
				INFOPLIST_FILE = "Where am I/Info.plist";
				LD_RUNPATH_SEARCH_PATHS = "$(inherited) @executable_path/Frameworks";
				PRODUCT_BUNDLE_IDENTIFIER = "com.bojie.Where-am-I";
				PRODUCT_NAME = "$(TARGET_NAME)";
			};
			name = Debug;
		};
		7DE69A051B7177ED0018FB61 /* Release */ = {
			isa = XCBuildConfiguration;
			buildSettings = {
				ASSETCATALOG_COMPILER_APPICON_NAME = AppIcon;
				INFOPLIST_FILE = "Where am I/Info.plist";
				LD_RUNPATH_SEARCH_PATHS = "$(inherited) @executable_path/Frameworks";
				PRODUCT_BUNDLE_IDENTIFIER = "com.bojie.Where-am-I";
				PRODUCT_NAME = "$(TARGET_NAME)";
			};
			name = Release;
		};
/* End XCBuildConfiguration section */

/* Begin XCConfigurationList section */
		7DE699EC1B7177ED0018FB61 /* Build configuration list for PBXProject "Where am I" */ = {
			isa = XCConfigurationList;
			buildConfigurations = (
				7DE69A011B7177ED0018FB61 /* Debug */,
				7DE69A021B7177ED0018FB61 /* Release */,
			);
			defaultConfigurationIsVisible = 0;
			defaultConfigurationName = Release;
		};
		7DE69A031B7177ED0018FB61 /* Build configuration list for PBXNativeTarget "Where am I" */ = {
			isa = XCConfigurationList;
			buildConfigurations = (
				7DE69A041B7177ED0018FB61 /* Debug */,
				7DE69A051B7177ED0018FB61 /* Release */,
			);
			defaultConfigurationIsVisible = 0;
		};
/* End XCConfigurationList section */
	};
	rootObject = 7DE699E91B7177ED0018FB61 /* Project object */;
}
